
Microsoft Visual Studio Solution File, Format Version 12.00
# Visual Studio Version 16
VisualStudioVersion = 16.0.31702.278
MinimumVisualStudioVersion = 10.0.40219.1
Project("{FAE04EC0-301F-11D3-BF4B-00C04F79EFBC}") = "Algorithms2", "Algorithms2\Algorithms2.csproj", "{A15F16C2-6635-4018-844C-0121B3FD1BF4}"
EndProject
Global
	GlobalSection(SolutionConfigurationPlatforms) = preSolution
		Debug|Any CPU = Debug|Any CPU
		Release|Any CPU = Release|Any CPU
	EndGlobalSection
	GlobalSection(ProjectConfigurationPlatforms) = postSolution
		{A15F16C2-6635-4018-844C-0121B3FD1BF4}.Debug|Any CPU.ActiveCfg = Debug|Any CPU
		{A15F16C2-6635-4018-844C-0121B3FD1BF4}.Debug|Any CPU.Build.0 = Debug|Any CPU
		{A15F16C2-6635-4018-844C-0121B3FD1BF4}.Release|Any CPU.ActiveCfg = Release|Any CPU
		{A15F16C2-6635-4018-844C-0121B3FD1BF4}.Release|Any CPU.Build.0 = Release|Any CPU
	EndGlobalSection
	GlobalSection(SolutionProperties) = preSolution
		HideSolutionNode = FALSE
	EndGlobalSection
	GlobalSection(ExtensibilityGlobals) = postSolution
		SolutionGuid = {621CD72E-080F-4DE6-AAE0-2B0481137A0F}
	EndGlobalSection
EndGlobal
